
Microsoft Visual Studio Solution File, Format Version 12.00
# Visual Studio Version 16
VisualStudioVersion = 16.0.30804.86
MinimumVisualStudioVersion = 10.0.40219.1
Project("{FAE04EC0-301F-11D3-BF4B-00C04F79EFBC}") = "WebHoroscopo", "WebHoroscopo\WebHoroscopo.csproj", "{A4795F4A-BEAC-46DE-A682-01BA91FEC7D7}"
EndProject
Project("{FAE04EC0-301F-11D3-BF4B-00C04F79EFBC}") = "NUnitTestHoroscopo", "NUnitTestHoroscopo\NUnitTestHoroscopo.csproj", "{462B1143-67A5-42DB-93B7-128FA63552C5}"
EndProject
Global
	GlobalSection(SolutionConfigurationPlatforms) = preSolution
		Debug|Any CPU = Debug|Any CPU
		Release|Any CPU = Release|Any CPU
	EndGlobalSection
	GlobalSection(ProjectConfigurationPlatforms) = postSolution
		{A4795F4A-BEAC-46DE-A682-01BA91FEC7D7}.Debug|Any CPU.ActiveCfg = Debug|Any CPU
		{A4795F4A-BEAC-46DE-A682-01BA91FEC7D7}.Debug|Any CPU.Build.0 = Debug|Any CPU
		{A4795F4A-BEAC-46DE-A682-01BA91FEC7D7}.Release|Any CPU.ActiveCfg = Release|Any CPU
		{A4795F4A-BEAC-46DE-A682-01BA91FEC7D7}.Release|Any CPU.Build.0 = Release|Any CPU
		{462B1143-67A5-42DB-93B7-128FA63552C5}.Debug|Any CPU.ActiveCfg = Debug|Any CPU
		{462B1143-67A5-42DB-93B7-128FA63552C5}.Debug|Any CPU.Build.0 = Debug|Any CPU
		{462B1143-67A5-42DB-93B7-128FA63552C5}.Release|Any CPU.ActiveCfg = Release|Any CPU
		{462B1143-67A5-42DB-93B7-128FA63552C5}.Release|Any CPU.Build.0 = Release|Any CPU
	EndGlobalSection
	GlobalSection(SolutionProperties) = preSolution
		HideSolutionNode = FALSE
	EndGlobalSection
	GlobalSection(ExtensibilityGlobals) = postSolution
		SolutionGuid = {66285BA6-8608-4191-AD60-05493F1F2416}
	EndGlobalSection
EndGlobal
